
Microsoft Visual Studio Solution File, Format Version 12.00
# Visual Studio Version 16
VisualStudioVersion = 16.0.31911.196
MinimumVisualStudioVersion = 10.0.40219.1
Project("{8BC9CEB8-8B4A-11D0-8D11-00A0C91BC942}") = "GUI-Testing", "GUI-Testing\GUI-Testing.vcxproj", "{D071FEDD-6BF0-4594-9BAB-362B1CE08BF9}"
EndProject
Global
	GlobalSection(SolutionConfigurationPlatforms) = preSolution
		Debug|x64 = Debug|x64
		Debug|x86 = Debug|x86
		Release|x64 = Release|x64
		Release|x86 = Release|x86
	EndGlobalSection
	GlobalSection(ProjectConfigurationPlatforms) = postSolution
		{D071FEDD-6BF0-4594-9BAB-362B1CE08BF9}.Debug|x64.ActiveCfg = Debug|x64
		{D071FEDD-6BF0-4594-9BAB-362B1CE08BF9}.Debug|x64.Build.0 = Debug|x64
		{D071FEDD-6BF0-4594-9BAB-362B1CE08BF9}.Debug|x86.ActiveCfg = Debug|Win32
		{D071FEDD-6BF0-4594-9BAB-362B1CE08BF9}.Debug|x86.Build.0 = Debug|Win32
		{D071FEDD-6BF0-4594-9BAB-362B1CE08BF9}.Release|x64.ActiveCfg = Release|x64
		{D071FEDD-6BF0-4594-9BAB-362B1CE08BF9}.Release|x64.Build.0 = Release|x64
		{D071FEDD-6BF0-4594-9BAB-362B1CE08BF9}.Release|x86.ActiveCfg = Release|Win32
		{D071FEDD-6BF0-4594-9BAB-362B1CE08BF9}.Release|x86.Build.0 = Release|Win32
	EndGlobalSection
	GlobalSection(SolutionProperties) = preSolution
		HideSolutionNode = FALSE
	EndGlobalSection
	GlobalSection(ExtensibilityGlobals) = postSolution
		SolutionGuid = {74DF7C89-7B56-4382-9AC4-1B7C7DB20655}
	EndGlobalSection
EndGlobal
